PODS:
  - AFNetworking (3.2.1):
    - AFNetworking/NSURLSession (= 3.2.1)
    - AFNetworking/Reachability (= 3.2.1)
    - AFNetworking/Security (= 3.2.1)
    - AFNetworking/Serialization (= 3.2.1)
    - AFNetworking/UIKit (= 3.2.1)
  - AFNetworking/NSURLSession (3.2.1):
    - AFNetworking/Reachability
    - AFNetworking/Security
    - AFNetworking/Serialization
  - AFNetworking/Reachability (3.2.1)
  - AFNetworking/Security (3.2.1)
  - AFNetworking/Serialization (3.2.1)
  - AFNetworking/UIKit (3.2.1):
    - AFNetworking/NSURLSession
  - DZNEmptyDataSet (1.8.1)
  - Masonry (1.1.0)
  - MBProgressHUD (1.1.0)
  - MJRefresh (3.2.0)
  - PRBaseDependTool (0.0.13):
    - DZNEmptyDataSet
    - Masonry
    - MBProgressHUD (~> 1.1.0)
    - MJRefresh
    - PRBaseDependTool/Category (= 0.0.13)
    - PRBaseDependTool/DependToolHeader (= 0.0.13)
    - PRBaseDependTool/FunctionTool (= 0.0.13)
    - PRBaseDependTool/LoginStatue (= 0.0.13)
    - PRBaseDependTool/TMRouter (= 0.0.13)
    - SDAutoLayout
    - SDWebImage (~> 4.4.6)
    - YTKNetwork
    - YYModel
  - PRBaseDependTool/Category (0.0.13):
    - DZNEmptyDataSet
    - Masonry
    - MBProgressHUD (~> 1.1.0)
    - MJRefresh
    - PRBaseDependTool/Category/NSCalendarCategroy (= 0.0.13)
    - PRBaseDependTool/Category/NSDateCategroy (= 0.0.13)
    - PRBaseDependTool/Category/NSNumberFormatterCategroy (= 0.0.13)
    - PRBaseDependTool/Category/NSStringCategroy (= 0.0.13)
    - PRBaseDependTool/Category/NSUrlCategroy (= 0.0.13)
    - PRBaseDependTool/Category/PRBassCategoryHeader (= 0.0.13)
    - PRBaseDependTool/Category/UIBarButtonCategroy (= 0.0.13)
    - PRBaseDependTool/Category/UIButtonCategroy (= 0.0.13)
    - PRBaseDependTool/Category/UIColorCategroy (= 0.0.13)
    - PRBaseDependTool/Category/UIDeviceCategroy (= 0.0.13)
    - PRBaseDependTool/Category/UIImageCategroy (= 0.0.13)
    - PRBaseDependTool/Category/UILabelCategroy (= 0.0.13)
    - PRBaseDependTool/Category/UIPickerViewCategroy (= 0.0.13)
    - PRBaseDependTool/Category/UITextfieldCategroy (= 0.0.13)
    - PRBaseDependTool/Category/UITextViewCategroy (= 0.0.13)
    - PRBaseDependTool/Category/UIViewCategroy (= 0.0.13)
    - PRBaseDependTool/Category/UIViewControllerCategroy (= 0.0.13)
    - SDAutoLayout
    - SDWebImage (~> 4.4.6)
    - YTKNetwork
    - YYModel
  - PRBaseDependTool/Category/NSCalendarCategroy (0.0.13):
    - DZNEmptyDataSet
    - Masonry
    - MBProgressHUD (~> 1.1.0)
    - MJRefresh
    - SDAutoLayout
    - SDWebImage (~> 4.4.6)
    - YTKNetwork
    - YYModel
  - PRBaseDependTool/Category/NSDateCategroy (0.0.13):
    - DZNEmptyDataSet
    - Masonry
    - MBProgressHUD (~> 1.1.0)
    - MJRefresh
    - SDAutoLayout
    - SDWebImage (~> 4.4.6)
    - YTKNetwork
    - YYModel
  - PRBaseDependTool/Category/NSNumberFormatterCategroy (0.0.13):
    - DZNEmptyDataSet
    - Masonry
    - MBProgressHUD (~> 1.1.0)
    - MJRefresh
    - SDAutoLayout
    - SDWebImage (~> 4.4.6)
    - YTKNetwork
    - YYModel
  - PRBaseDependTool/Category/NSStringCategroy (0.0.13):
    - DZNEmptyDataSet
    - Masonry
    - MBProgressHUD (~> 1.1.0)
    - MJRefresh
    - SDAutoLayout
    - SDWebImage (~> 4.4.6)
    - YTKNetwork
    - YYModel
  - PRBaseDependTool/Category/NSUrlCategroy (0.0.13):
    - DZNEmptyDataSet
    - Masonry
    - MBProgressHUD (~> 1.1.0)
    - MJRefresh
    - SDAutoLayout
    - SDWebImage (~> 4.4.6)
    - YTKNetwork
    - YYModel
  - PRBaseDependTool/Category/PRBassCategoryHeader (0.0.13):
    - DZNEmptyDataSet
    - Masonry
    - MBProgressHUD (~> 1.1.0)
    - MJRefresh
    - PRBaseDependTool/Category/NSCalendarCategroy
    - PRBaseDependTool/Category/NSDateCategroy
    - PRBaseDependTool/Category/NSNumberFormatterCategroy
    - PRBaseDependTool/Category/NSStringCategroy
    - PRBaseDependTool/Category/NSUrlCategroy
    - PRBaseDependTool/Category/UIBarButtonCategroy
    - PRBaseDependTool/Category/UIButtonCategroy
    - PRBaseDependTool/Category/UIColorCategroy
    - PRBaseDependTool/Category/UIDeviceCategroy
    - PRBaseDependTool/Category/UIImageCategroy
    - PRBaseDependTool/Category/UILabelCategroy
    - PRBaseDependTool/Category/UIPickerViewCategroy
    - PRBaseDependTool/Category/UITextfieldCategroy
    - PRBaseDependTool/Category/UITextViewCategroy
    - PRBaseDependTool/Category/UIViewCategroy
    - PRBaseDependTool/Category/UIViewControllerCategroy
    - SDAutoLayout
    - SDWebImage (~> 4.4.6)
    - YTKNetwork
    - YYModel
  - PRBaseDependTool/Category/UIBarButtonCategroy (0.0.13):
    - DZNEmptyDataSet
    - Masonry
    - MBProgressHUD (~> 1.1.0)
    - MJRefresh
    - PRBaseDependTool/Category/UIButtonCategroy
    - SDAutoLayout
    - SDWebImage (~> 4.4.6)
    - YTKNetwork
    - YYModel
  - PRBaseDependTool/Category/UIButtonCategroy (0.0.13):
    - DZNEmptyDataSet
    - Masonry
    - MBProgressHUD (~> 1.1.0)
    - MJRefresh
    - SDAutoLayout
    - SDWebImage (~> 4.4.6)
    - YTKNetwork
    - YYModel
  - PRBaseDependTool/Category/UIColorCategroy (0.0.13):
    - DZNEmptyDataSet
    - Masonry
    - MBProgressHUD (~> 1.1.0)
    - MJRefresh
    - SDAutoLayout
    - SDWebImage (~> 4.4.6)
    - YTKNetwork
    - YYModel
  - PRBaseDependTool/Category/UIDeviceCategroy (0.0.13):
    - DZNEmptyDataSet
    - Masonry
    - MBProgressHUD (~> 1.1.0)
    - MJRefresh
    - SDAutoLayout
    - SDWebImage (~> 4.4.6)
    - YTKNetwork
    - YYModel
  - PRBaseDependTool/Category/UIImageCategroy (0.0.13):
    - DZNEmptyDataSet
    - Masonry
    - MBProgressHUD (~> 1.1.0)
    - MJRefresh
    - SDAutoLayout
    - SDWebImage (~> 4.4.6)
    - YTKNetwork
    - YYModel
  - PRBaseDependTool/Category/UILabelCategroy (0.0.13):
    - DZNEmptyDataSet
    - Masonry
    - MBProgressHUD (~> 1.1.0)
    - MJRefresh
    - SDAutoLayout
    - SDWebImage (~> 4.4.6)
    - YTKNetwork
    - YYModel
  - PRBaseDependTool/Category/UIPickerViewCategroy (0.0.13):
    - DZNEmptyDataSet
    - Masonry
    - MBProgressHUD (~> 1.1.0)
    - MJRefresh
    - SDAutoLayout
    - SDWebImage (~> 4.4.6)
    - YTKNetwork
    - YYModel
  - PRBaseDependTool/Category/UITextfieldCategroy (0.0.13):
    - DZNEmptyDataSet
    - Masonry
    - MBProgressHUD (~> 1.1.0)
    - MJRefresh
    - SDAutoLayout
    - SDWebImage (~> 4.4.6)
    - YTKNetwork
    - YYModel
  - PRBaseDependTool/Category/UITextViewCategroy (0.0.13):
    - DZNEmptyDataSet
    - Masonry
    - MBProgressHUD (~> 1.1.0)
    - MJRefresh
    - SDAutoLayout
    - SDWebImage (~> 4.4.6)
    - YTKNetwork
    - YYModel
  - PRBaseDependTool/Category/UIViewCategroy (0.0.13):
    - DZNEmptyDataSet
    - Masonry
    - MBProgressHUD (~> 1.1.0)
    - MJRefresh
    - SDAutoLayout
    - SDWebImage (~> 4.4.6)
    - YTKNetwork
    - YYModel
  - PRBaseDependTool/Category/UIViewControllerCategroy (0.0.13):
    - DZNEmptyDataSet
    - Masonry
    - MBProgressHUD (~> 1.1.0)
    - MJRefresh
    - SDAutoLayout
    - SDWebImage (~> 4.4.6)
    - YTKNetwork
    - YYModel
  - PRBaseDependTool/DependToolHeader (0.0.13):
    - DZNEmptyDataSet
    - Masonry
    - MBProgressHUD (~> 1.1.0)
    - MJRefresh
    - PRBaseDependTool/FunctionTool/PRMarketManager
    - SDAutoLayout
    - SDWebImage (~> 4.4.6)
    - YTKNetwork
    - YYModel
  - PRBaseDependTool/FunctionTool (0.0.13):
    - DZNEmptyDataSet
    - Masonry
    - MBProgressHUD (~> 1.1.0)
    - MJRefresh
    - PRBaseDependTool/FunctionTool/AlertView (= 0.0.13)
    - "PRBaseDependTool/FunctionTool/MBProgressHUD+WL (= 0.0.13)"
    - PRBaseDependTool/FunctionTool/PRMarketManager (= 0.0.13)
    - PRBaseDependTool/FunctionTool/PurangUITextFieldExPand (= 0.0.13)
    - PRBaseDependTool/FunctionTool/SSKeychain (= 0.0.13)
    - PRBaseDependTool/FunctionTool/Utils (= 0.0.13)
    - PRBaseDependTool/FunctionTool/XLImageViewer (= 0.0.13)
    - SDAutoLayout
    - SDWebImage (~> 4.4.6)
    - YTKNetwork
    - YYModel
  - PRBaseDependTool/FunctionTool/AlertView (0.0.13):
    - DZNEmptyDataSet
    - Masonry
    - MBProgressHUD (~> 1.1.0)
    - MJRefresh
    - PRBaseDependTool/DependToolHeader
    - SDAutoLayout
    - SDWebImage (~> 4.4.6)
    - YTKNetwork
    - YYModel
  - "PRBaseDependTool/FunctionTool/MBProgressHUD+WL (0.0.13)":
    - DZNEmptyDataSet
    - Masonry
    - MBProgressHUD (~> 1.1.0)
    - MJRefresh
    - SDAutoLayout
    - SDWebImage (~> 4.4.6)
    - YTKNetwork
    - YYModel
  - PRBaseDependTool/FunctionTool/PRMarketManager (0.0.13):
    - DZNEmptyDataSet
    - Masonry
    - MBProgressHUD (~> 1.1.0)
    - MJRefresh
    - SDAutoLayout
    - SDWebImage (~> 4.4.6)
    - YTKNetwork
    - YYModel
  - PRBaseDependTool/FunctionTool/PurangUITextFieldExPand (0.0.13):
    - DZNEmptyDataSet
    - Masonry
    - MBProgressHUD (~> 1.1.0)
    - MJRefresh
    - PRBaseDependTool/Category/UITextfieldCategroy
    - PRBaseDependTool/Category/UIViewCategroy
    - PRBaseDependTool/DependToolHeader
    - SDAutoLayout
    - SDWebImage (~> 4.4.6)
    - YTKNetwork
    - YYModel
  - PRBaseDependTool/FunctionTool/SSKeychain (0.0.13):
    - DZNEmptyDataSet
    - Masonry
    - MBProgressHUD (~> 1.1.0)
    - MJRefresh
    - SDAutoLayout
    - SDWebImage (~> 4.4.6)
    - YTKNetwork
    - YYModel
  - PRBaseDependTool/FunctionTool/Utils (0.0.13):
    - DZNEmptyDataSet
    - Masonry
    - MBProgressHUD (~> 1.1.0)
    - MJRefresh
    - PRBaseDependTool/Category/NSStringCategroy
    - PRBaseDependTool/Category/UIColorCategroy
    - PRBaseDependTool/FunctionTool/SSKeychain
    - SDAutoLayout
    - SDWebImage (~> 4.4.6)
    - YTKNetwork
    - YYModel
  - PRBaseDependTool/FunctionTool/XLImageViewer (0.0.13):
    - DZNEmptyDataSet
    - Masonry
    - MBProgressHUD (~> 1.1.0)
    - MJRefresh
    - SDAutoLayout
    - SDWebImage (~> 4.4.6)
    - YTKNetwork
    - YYModel
  - PRBaseDependTool/LoginStatue (0.0.13):
    - DZNEmptyDataSet
    - Masonry
    - MBProgressHUD (~> 1.1.0)
    - MJRefresh
    - SDAutoLayout
    - SDWebImage (~> 4.4.6)
    - YTKNetwork
    - YYModel
  - PRBaseDependTool/TMRouter (0.0.13):
    - DZNEmptyDataSet
    - Masonry
    - MBProgressHUD (~> 1.1.0)
    - MJRefresh
    - PRBaseDependTool/Category/UIImageCategroy
    - SDAutoLayout
    - SDWebImage (~> 4.4.6)
    - YTKNetwork
    - YYModel
  - SDAutoLayout (2.2.1)
  - SDWebImage (4.4.6):
    - SDWebImage/Core (= 4.4.6)
  - SDWebImage/Core (4.4.6)
  - YTKNetwork (2.0.4):
    - AFNetworking (~> 3.0)
  - YYModel (1.0.4)

DEPENDENCIES:
  - PRBaseDependTool

SPEC REPOS:
  http://10.10.64.118/ios_PurangFinanceVillage/PRSpec.git:
    - PRBaseDependTool
  https://github.com/cocoapods/specs.git:
    - AFNetworking
    - DZNEmptyDataSet
    - Masonry
    - MBProgressHUD
    - MJRefresh
    - SDAutoLayout
    - SDWebImage
    - YTKNetwork
    - YYModel

SPEC CHECKSUMS:
  AFNetworking: b6f891fdfaed196b46c7a83cf209e09697b94057
  DZNEmptyDataSet: 9525833b9e68ac21c30253e1d3d7076cc828eaa7
  Masonry: 678fab65091a9290e40e2832a55e7ab731aad201
  MBProgressHUD: e7baa36a220447d8aeb12769bf0585582f3866d9
  MJRefresh: ed450d6eb9d3346a2cb033ab7eb6de090aeef437
  PRBaseDependTool: af7cde5f5d5d63351dd9fc6bb6c306c3a2392999
  SDAutoLayout: 8bf6b3bbc8b01f775d4defbb4fda2ace805461be
  SDWebImage: 3f3f0c02f09798048c47a5ed0a13f17b063572d8
  YTKNetwork: df8a7a5597bda1664a4efaa7ef871a818a887fe0
  YYModel: 2a7fdd96aaa4b86a824e26d0c517de8928c04b30

PODFILE CHECKSUM: f3cee237e282a8c35c56a26afb1e6378953e2d4f

COCOAPODS: 1.6.1
